golang.org/x/exp v0.0.0-20220602145555-4a0574d9293f h1:KK6mxegmt5hGJRcAnEDjSNLxIRhZxDcgwMbcO/lMCRM=
golang.org/x/exp v0.0.0-20220602145555-4a0574d9293f/go.mod h1:yh0Ynu2b5ZUe3MQfp2nM0ecK7wsgouWTDN0FNeJuIys=
golang.org/x/net v0.7.0 h1:rJrUqqhjsgNp7KqAIc25s9pZnjU7TUcSY7HcVZjdn1g=
golang.org/x/net v0.7.0/go.mod h1:2Tu9+aMcznHK/AK1HMvgo6xiTLG5rD5rZLDS+rp2Bjs=
